
Microsoft Visual Studio Solution File, Format Version 12.00
# Visual Studio Version 17
VisualStudioVersion = 17.11.35208.52
MinimumVisualStudioVersion = 10.0.40219.1
Project("{FAE04EC0-301F-11D3-BF4B-00C04F79EFBC}") = "NasaCaseStudy", "NasaCaseStudy\NasaCaseStudy.csproj", "{FD99DFFB-A619-4C6C-9884-4B291B72DBC2}"
EndProject
Project("{FAE04EC0-301F-11D3-BF4B-00C04F79EFBC}") = "NasaCaseStudy.Core", "NasaCaseStudy.Core\NasaCaseStudy.Core.csproj", "{1BF08C27-DD63-4668-8DA6-BE24A1957F5A}"
EndProject
Project("{FAE04EC0-301F-11D3-BF4B-00C04F79EFBC}") = "NasaCaseStudy.Service", "NasaCaseStudy.Service\NasaCaseStudy.Service.csproj", "{2DC7FB8C-669A-490B-B7EF-DFFAB9F6A903}"
EndProject
Global
	GlobalSection(SolutionConfigurationPlatforms) = preSolution
		Debug|Any CPU = Debug|Any CPU
		Release|Any CPU = Release|Any CPU
	EndGlobalSection
	GlobalSection(ProjectConfigurationPlatforms) = postSolution
		{FD99DFFB-A619-4C6C-9884-4B291B72DBC2}.Debug|Any CPU.ActiveCfg = Debug|Any CPU
		{FD99DFFB-A619-4C6C-9884-4B291B72DBC2}.Debug|Any CPU.Build.0 = Debug|Any CPU
		{FD99DFFB-A619-4C6C-9884-4B291B72DBC2}.Release|Any CPU.ActiveCfg = Release|Any CPU
		{FD99DFFB-A619-4C6C-9884-4B291B72DBC2}.Release|Any CPU.Build.0 = Release|Any CPU
		{1BF08C27-DD63-4668-8DA6-BE24A1957F5A}.Debug|Any CPU.ActiveCfg = Debug|Any CPU
		{1BF08C27-DD63-4668-8DA6-BE24A1957F5A}.Debug|Any CPU.Build.0 = Debug|Any CPU
		{1BF08C27-DD63-4668-8DA6-BE24A1957F5A}.Release|Any CPU.ActiveCfg = Release|Any CPU
		{1BF08C27-DD63-4668-8DA6-BE24A1957F5A}.Release|Any CPU.Build.0 = Release|Any CPU
		{2DC7FB8C-669A-490B-B7EF-DFFAB9F6A903}.Debug|Any CPU.ActiveCfg = Debug|Any CPU
		{2DC7FB8C-669A-490B-B7EF-DFFAB9F6A903}.Debug|Any CPU.Build.0 = Debug|Any CPU
		{2DC7FB8C-669A-490B-B7EF-DFFAB9F6A903}.Release|Any CPU.ActiveCfg = Release|Any CPU
		{2DC7FB8C-669A-490B-B7EF-DFFAB9F6A903}.Release|Any CPU.Build.0 = Release|Any CPU
	EndGlobalSection
	GlobalSection(SolutionProperties) = preSolution
		HideSolutionNode = FALSE
	EndGlobalSection
	GlobalSection(ExtensibilityGlobals) = postSolution
		SolutionGuid = {F0F7A627-9528-419D-8723-C69413390C01}
	EndGlobalSection
EndGlobal
